
Microsoft Visual Studio Solution File, Format Version 12.00
# Visual Studio Version 16
VisualStudioVersion = 16.0.31624.102
MinimumVisualStudioVersion = 10.0.40219.1
Project("{FAE04EC0-301F-11D3-BF4B-00C04F79EFBC}") = "SnakeLadder", "SnakeLadder\SnakeLadder.csproj", "{D546BD5B-F188-43DE-95AB-BBA8FFEBA633}"
EndProject
Global
	GlobalSection(SolutionConfigurationPlatforms) = preSolution
		Debug|Any CPU = Debug|Any CPU
		Release|Any CPU = Release|Any CPU
	EndGlobalSection
	GlobalSection(ProjectConfigurationPlatforms) = postSolution
		{D546BD5B-F188-43DE-95AB-BBA8FFEBA633}.Debug|Any CPU.ActiveCfg = Debug|Any CPU
		{D546BD5B-F188-43DE-95AB-BBA8FFEBA633}.Debug|Any CPU.Build.0 = Debug|Any CPU
		{D546BD5B-F188-43DE-95AB-BBA8FFEBA633}.Release|Any CPU.ActiveCfg = Release|Any CPU
		{D546BD5B-F188-43DE-95AB-BBA8FFEBA633}.Release|Any CPU.Build.0 = Release|Any CPU
	EndGlobalSection
	GlobalSection(SolutionProperties) = preSolution
		HideSolutionNode = FALSE
	EndGlobalSection
	GlobalSection(ExtensibilityGlobals) = postSolution
		SolutionGuid = {E5FA6E98-5B4A-4063-8C90-E001022424A4}
	EndGlobalSection
EndGlobal
